<?xml version="1.0" encoding="utf-8"?>
<Project ToolsVersion="4.0" xmlns="http://schemas.microsoft.com/developer/msbuild/2003">
  <ItemGroup>
    <Filter Include="Source Files">
      <UniqueIdentifier>{4FC737F1-C7A5-4376-A066-2A32D752A2FF}</UniqueIdentifier>
      <Extensions>cpp;c;cc;cxx;def;odl;idl;hpj;bat;asm;asmx</Extensions>
    </Filter>
    <Filter Include="Header Files">
      <UniqueIdentifier>{93995380-89BD-4b04-88EB-625FBE52EBFB}</UniqueIdentifier>
      <Extensions>h;hh;hpp;hxx;hm;inl;inc;ipp;xsd</Extensions>
    </Filter>
    <Filter Include="Entities">
      <UniqueIdentifier>{ddb26f76-9942-4b60-a97d-2180af57b1bc}</UniqueIdentifier>
    </Filter>
    <Filter Include="Entities\Header Files">
      <UniqueIdentifier>{483c548e-44de-4e50-9b84-f194308c7f39}</UniqueIdentifier>
    </Filter>
    <Filter Include="Entities\Source Files">
      <UniqueIdentifier>{6e1250d4-29ff-4b2b-92eb-1125c273bad4}</UniqueIdentifier>
    </Filter>
    <Filter Include="Parallax">
      <UniqueIdentifier>{48939cb1-b9db-4aa4-a255-b7ff091d63db}</UniqueIdentifier>
    </Filter>
    <Filter Include="Parallax\Header FIles">
      <UniqueIdentifier>{fd7e9c8b-51e2-4b14-9272-535610cbfec0}</UniqueIdentifier>
    </Filter>
    <Filter Include="Parallax\Source Files">
      <UniqueIdentifier>{ff44574f-469c-43a4-bdb8-857a5d70ab70}</UniqueIdentifier>
    </Filter>
  </ItemGroup>
  <ItemGroup>
    <ClCompile Include="SdlManager.cpp">
      <Filter>Source Files</Filter>
    </ClCompile>
    <ClCompile Include="Game.cpp">
      <Filter>Source Files</Filter>
    </ClCompile>
    <ClCompile Include="Screen.cpp">
      <Filter>Source Files</Filter>
    </ClCompile>
    <ClCompile Include="HeliumCollision.cc">
      <Filter>Source Files</Filter>
    </ClCompile>
    <ClCompile Include="HeliumMath.cc">
      <Filter>Source Files</Filter>
    </ClCompile>
    <ClCompile Include="Animation.cpp">
      <Filter>Source Files</Filter>
    </ClCompile>
    <ClCompile Include="SpriteSheet.cpp">
      <Filter>Source Files</Filter>
    </ClCompile>
    <ClCompile Include="RenderManager.cpp">
      <Filter>Source Files</Filter>
    </ClCompile>
    <ClCompile Include="Transform.cpp">
      <Filter>Source Files</Filter>
    </ClCompile>
    <ClCompile Include="Sprite.cpp">
      <Filter>Source Files</Filter>
    </ClCompile>
    <ClCompile Include="TextureManager.cpp">
      <Filter>Source Files</Filter>
    </ClCompile>
    <ClCompile Include="main.cpp" />
    <ClCompile Include="Player.cpp">
      <Filter>Entities\Source Files</Filter>
    </ClCompile>
    <ClCompile Include="Entity.cpp">
      <Filter>Entities\Source Files</Filter>
    </ClCompile>
    <ClCompile Include="Layer.cpp">
      <Filter>Parallax\Source Files</Filter>
    </ClCompile>
    <ClCompile Include="Parallax.cpp">
      <Filter>Parallax\Source Files</Filter>
    </ClCompile>
  </ItemGroup>
  <ItemGroup>
    <ClInclude Include="SdlManager.h">
      <Filter>Header Files</Filter>
    </ClInclude>
    <ClInclude Include="Game.h">
      <Filter>Header Files</Filter>
    </ClInclude>
    <ClInclude Include="Screen.h">
      <Filter>Header Files</Filter>
    </ClInclude>
    <ClInclude Include="HeliumCollision.h">
      <Filter>Header Files</Filter>
    </ClInclude>
    <ClInclude Include="HeliumMath.h">
      <Filter>Header Files</Filter>
    </ClInclude>
    <ClInclude Include="Animation.h">
      <Filter>Header Files</Filter>
    </ClInclude>
    <ClInclude Include="SpriteSheet.h">
      <Filter>Header Files</Filter>
    </ClInclude>
    <ClInclude Include="RenderManager.h">
      <Filter>Header Files</Filter>
    </ClInclude>
    <ClInclude Include="Transform.h">
      <Filter>Header Files</Filter>
    </ClInclude>
    <ClInclude Include="Sprite.h">
      <Filter>Header Files</Filter>
    </ClInclude>
    <ClInclude Include="TextureManager.h">
      <Filter>Header Files</Filter>
    </ClInclude>
    <ClInclude Include="Player.h">
      <Filter>Entities\Header Files</Filter>
    </ClInclude>
    <ClInclude Include="Entity.h">
      <Filter>Entities\Header Files</Filter>
    </ClInclude>
    <ClInclude Include="Layer.h">
      <Filter>Parallax\Header FIles</Filter>
    </ClInclude>
    <ClInclude Include="Parallax.h">
      <Filter>Parallax\Header FIles</Filter>
    </ClInclude>
  </ItemGroup>
</Project>